// !$*UTF8*$!
{
	archiveVersion = 1;
	classes = {
	};
	objectVersion = 56;
	objects = {

/* Begin PBXBuildFile section */
		EA1225B02A17E8EF003EF81B /* AppDelegate.swift in Sources */ = {isa = PBXBuildFile; fileRef = EA1225AF2A17E8EF003EF81B /* AppDelegate.swift */; };
		EA1225B22A17E8EF003EF81B /* SceneDelegate.swift in Sources */ = {isa = PBXBuildFile; fileRef = EA1225B12A17E8EF003EF81B /* SceneDelegate.swift */; };
		EA1225B42A17E8EF003EF81B /* ViewController.swift in Sources */ = {isa = PBXBuildFile; fileRef = EA1225B32A17E8EF003EF81B /* ViewController.swift */; };
		EA1225B72A17E8EF003EF81B /* Main.storyboard in Resources */ = {isa = PBXBuildFile; fileRef = EA1225B52A17E8EF003EF81B /* Main.storyboard */; };
		EA1225B92A17E8F0003EF81B /* Assets.xcassets in Resources */ = {isa = PBXBuildFile; fileRef = EA1225B82A17E8F0003EF81B /* Assets.xcassets */; };
		EA1225BC2A17E8F0003EF81B /* LaunchScreen.storyboard in Resources */ = {isa = PBXBuildFile; fileRef = EA1225BA2A17E8F0003EF81B /* LaunchScreen.storyboard */; };
		EA1225E12A17EA57003EF81B /* SDWebImageSwiftUI in Frameworks */ = {isa = PBXBuildFile; productRef = EA1225E02A17EA57003EF81B /* SDWebImageSwiftUI */; };
		EA1225E42A17FBC9003EF81B /* Moya in Frameworks */ = {isa = PBXBuildFile; productRef = EA1225E32A17FBC9003EF81B /* Moya */; };
		EA1225E62A17FBE4003EF81B /* WeatherNetworking.swift in Sources */ = {isa = PBXBuildFile; fileRef = EA1225E52A17FBE4003EF81B /* WeatherNetworking.swift */; };
		EA1225E82A180235003EF81B /* WeatherAPI.swift in Sources */ = {isa = PBXBuildFile; fileRef = EA1225E72A180235003EF81B /* WeatherAPI.swift */; };
		EA1225EA2A1802BB003EF81B /* CityWeather.swift in Sources */ = {isa = PBXBuildFile; fileRef = EA1225E92A1802BB003EF81B /* CityWeather.swift */; };
		EA1225EC2A180B0C003EF81B /* FetchCityWeatherInteractor.swift in Sources */ = {isa = PBXBuildFile; fileRef = EA1225EB2A180B0C003EF81B /* FetchCityWeatherInteractor.swift */; };
		EA1225EE2A1812AD003EF81B /* ViewController+CollectionView.swift in Sources */ = {isa = PBXBuildFile; fileRef = EA1225ED2A1812AD003EF81B /* ViewController+CollectionView.swift */; };
		EA1225F02A181303003EF81B /* CityWeatherCell.swift in Sources */ = {isa = PBXBuildFile; fileRef = EA1225EF2A181303003EF81B /* CityWeatherCell.swift */; };
		EA1225F22A18179A003EF81B /* ViewController+SearchBar.swift in Sources */ = {isa = PBXBuildFile; fileRef = EA1225F12A18179A003EF81B /* ViewController+SearchBar.swift */; };
		EA88C06D2A19DF6D0037FD4C /* Retry.swift in Sources */ = {isa = PBXBuildFile; fileRef = EA88C06C2A19DF6D0037FD4C /* Retry.swift */; };
		EA88C06F2A1A97B40037FD4C /* LocationDataManager.swift in Sources */ = {isa = PBXBuildFile; fileRef = EA88C06E2A1A97B40037FD4C /* LocationDataManager.swift */; };
		EA9C8BD22A181E04009D2730 /* SearchResult.swift in Sources */ = {isa = PBXBuildFile; fileRef = EA9C8BD12A181E04009D2730 /* SearchResult.swift */; };
		EA9C8BD52A181E90009D2730 /* ViewController+TableView.swift in Sources */ = {isa = PBXBuildFile; fileRef = EA9C8BD42A181E90009D2730 /* ViewController+TableView.swift */; };
		EA9C8BD72A181EE0009D2730 /* SearchResultCell.swift in Sources */ = {isa = PBXBuildFile; fileRef = EA9C8BD62A181EE0009D2730 /* SearchResultCell.swift */; };
		EA9C8BD92A181F58009D2730 /* DirectGeocodingInteractor.swift in Sources */ = {isa = PBXBuildFile; fileRef = EA9C8BD82A181F58009D2730 /* DirectGeocodingInteractor.swift */; };
		EA9C8BDB2A182020009D2730 /* DirectGeocodingNetworking.swift in Sources */ = {isa = PBXBuildFile; fileRef = EA9C8BDA2A182020009D2730 /* DirectGeocodingNetworking.swift */; };
		EA9C8BE02A18415B009D2730 /* Debouncer.swift in Sources */ = {isa = PBXBuildFile; fileRef = EA9C8BDF2A18415B009D2730 /* Debouncer.swift */; };
		EA9C8BE22A18455F009D2730 /* SelectedCityWeatherViewController.swift in Sources */ = {isa = PBXBuildFile; fileRef = EA9C8BE12A18455F009D2730 /* SelectedCityWeatherViewController.swift */; };
		EA9C8BE42A1846A6009D2730 /* CustomError.swift in Sources */ = {isa = PBXBuildFile; fileRef = EA9C8BE32A1846A6009D2730 /* CustomError.swift */; };
		EA9C8BE72A18575A009D2730 /* SelectedCityWeatherViewController+TableView.swift in Sources */ = {isa = PBXBuildFile; fileRef = EA9C8BE62A18575A009D2730 /* SelectedCityWeatherViewController+TableView.swift */; };
		EA9C8BEA2A185784009D2730 /* SelectedCityWeatherCell.swift in Sources */ = {isa = PBXBuildFile; fileRef = EA9C8BE92A185784009D2730 /* SelectedCityWeatherCell.swift */; };
		EA9C8C382A187136009D2730 /* Weather.xcdatamodeld in Sources */ = {isa = PBXBuildFile; fileRef = EA9C8C362A187136009D2730 /* Weather.xcdatamodeld */; };
/* End PBXBuildFile section */

/* Begin PBXContainerItemProxy section */
		EA1225C32A17E8F0003EF81B /* PBXContainerItemProxy */ = {
			isa = PBXContainerItemProxy;
			containerPortal = EA1225A42A17E8EF003EF81B /* Project object */;
			proxyType = 1;
			remoteGlobalIDString = EA1225AB2A17E8EF003EF81B;
			remoteInfo = Weather;
		};
		EA1225CD2A17E8F0003EF81B /* PBXContainerItemProxy */ = {
			isa = PBXContainerItemProxy;
			containerPortal = EA1225A42A17E8EF003EF81B /* Project object */;
			proxyType = 1;
			remoteGlobalIDString = EA1225AB2A17E8EF003EF81B;
			remoteInfo = Weather;
		};
/* End PBXContainerItemProxy section */

/* Begin PBXFileReference section */
		EA1225AC2A17E8EF003EF81B /* Weather.app */ = {isa = PBXFileReference; explicitFileType = wrapper.application; includeInIndex = 0; path = Weather.app; sourceTree = BUILT_PRODUCTS_DIR; };
		EA1225AF2A17E8EF003EF81B /* AppDelegate.swift */ = {isa = PBXFileReference; lastKnownFileType = sourcecode.swift; path = AppDelegate.swift; sourceTree = "<group>"; };
		EA1225B12A17E8EF003EF81B /* SceneDelegate.swift */ = {isa = PBXFileReference; lastKnownFileType = sourcecode.swift; path = SceneDelegate.swift; sourceTree = "<group>"; };
		EA1225B32A17E8EF003EF81B /* ViewController.swift */ = {isa = PBXFileReference; lastKnownFileType = sourcecode.swift; path = ViewController.swift; sourceTree = "<group>"; };
		EA1225B62A17E8EF003EF81B /* Base */ = {isa = PBXFileReference; lastKnownFileType = file.storyboard; name = Base; path = Base.lproj/Main.storyboard; sourceTree = "<group>"; };
		EA1225B82A17E8F0003EF81B /* Assets.xcassets */ = {isa = PBXFileReference; lastKnownFileType = folder.assetcatalog; path = Assets.xcassets; sourceTree = "<group>"; };
		EA1225BB2A17E8F0003EF81B /* Base */ = {isa = PBXFileReference; lastKnownFileType = file.storyboard; name = Base; path = Base.lproj/LaunchScreen.storyboard; sourceTree = "<group>"; };
		EA1225BD2A17E8F0003EF81B /* Info.plist */ = {isa = PBXFileReference; lastKnownFileType = text.plist.xml; path = Info.plist; sourceTree = "<group>"; };
		EA1225C22A17E8F0003EF81B /* WeatherTests.xctest */ = {isa = PBXFileReference; explicitFileType = wrapper.cfbundle; includeInIndex = 0; path = WeatherTests.xctest; sourceTree = BUILT_PRODUCTS_DIR; };
		EA1225CC2A17E8F0003EF81B /* WeatherUITests.xctest */ = {isa = PBXFileReference; explicitFileType = wrapper.cfbundle; includeInIndex = 0; path = WeatherUITests.xctest; sourceTree = BUILT_PRODUCTS_DIR; };
		EA1225E52A17FBE4003EF81B /* WeatherNetworking.swift */ = {isa = PBXFileReference; lastKnownFileType = sourcecode.swift; path = WeatherNetworking.swift; sourceTree = "<group>"; };
		EA1225E72A180235003EF81B /* WeatherAPI.swift */ = {isa = PBXFileReference; lastKnownFileType = sourcecode.swift; path = WeatherAPI.swift; sourceTree = "<group>"; };
		EA1225E92A1802BB003EF81B /* CityWeather.swift */ = {isa = PBXFileReference; lastKnownFileType = sourcecode.swift; path = CityWeather.swift; sourceTree = "<group>"; };
		EA1225EB2A180B0C003EF81B /* FetchCityWeatherInteractor.swift */ = {isa = PBXFileReference; lastKnownFileType = sourcecode.swift; path = FetchCityWeatherInteractor.swift; sourceTree = "<group>"; };
		EA1225ED2A1812AD003EF81B /* ViewController+CollectionView.swift */ = {isa = PBXFileReference; lastKnownFileType = sourcecode.swift; path = "ViewController+CollectionView.swift"; sourceTree = "<group>"; };
		EA1225EF2A181303003EF81B /* CityWeatherCell.swift */ = {isa = PBXFileReference; lastKnownFileType = sourcecode.swift; path = CityWeatherCell.swift; sourceTree = "<group>"; };
		EA1225F12A18179A003EF81B /* ViewController+SearchBar.swift */ = {isa = PBXFileReference; lastKnownFileType = sourcecode.swift; path = "ViewController+SearchBar.swift"; sourceTree = "<group>"; };
		EA88C06C2A19DF6D0037FD4C /* Retry.swift */ = {isa = PBXFileReference; lastKnownFileType = sourcecode.swift; path = Retry.swift; sourceTree = "<group>"; };
		EA88C06E2A1A97B40037FD4C /* LocationDataManager.swift */ = {isa = PBXFileReference; lastKnownFileType = sourcecode.swift; path = LocationDataManager.swift; sourceTree = "<group>"; };
		EA9C8BD12A181E04009D2730 /* SearchResult.swift */ = {isa = PBXFileReference; lastKnownFileType = sourcecode.swift; path = SearchResult.swift; sourceTree = "<group>"; };
		EA9C8BD42A181E90009D2730 /* ViewController+TableView.swift */ = {isa = PBXFileReference; lastKnownFileType = sourcecode.swift; path = "ViewController+TableView.swift"; sourceTree = "<group>"; };
		EA9C8BD62A181EE0009D2730 /* SearchResultCell.swift */ = {isa = PBXFileReference; lastKnownFileType = sourcecode.swift; path = SearchResultCell.swift; sourceTree = "<group>"; };
		EA9C8BD82A181F58009D2730 /* DirectGeocodingInteractor.swift */ = {isa = PBXFileReference; lastKnownFileType = sourcecode.swift; path = DirectGeocodingInteractor.swift; sourceTree = "<group>"; };
		EA9C8BDA2A182020009D2730 /* DirectGeocodingNetworking.swift */ = {isa = PBXFileReference; lastKnownFileType = sourcecode.swift; path = DirectGeocodingNetworking.swift; sourceTree = "<group>"; };
		EA9C8BDF2A18415B009D2730 /* Debouncer.swift */ = {isa = PBXFileReference; lastKnownFileType = sourcecode.swift; path = Debouncer.swift; sourceTree = "<group>"; };
		EA9C8BE12A18455F009D2730 /* SelectedCityWeatherViewController.swift */ = {isa = PBXFileReference; lastKnownFileType = sourcecode.swift; path = SelectedCityWeatherViewController.swift; sourceTree = "<group>"; };
		EA9C8BE32A1846A6009D2730 /* CustomError.swift */ = {isa = PBXFileReference; lastKnownFileType = sourcecode.swift; path = CustomError.swift; sourceTree = "<group>"; };
		EA9C8BE62A18575A009D2730 /* SelectedCityWeatherViewController+TableView.swift */ = {isa = PBXFileReference; lastKnownFileType = sourcecode.swift; path = "SelectedCityWeatherViewController+TableView.swift"; sourceTree = "<group>"; };
		EA9C8BE92A185784009D2730 /* SelectedCityWeatherCell.swift */ = {isa = PBXFileReference; lastKnownFileType = sourcecode.swift; path = SelectedCityWeatherCell.swift; sourceTree = "<group>"; };
		EA9C8C372A187136009D2730 /* Weather.xcdatamodel */ = {isa = PBXFileReference; lastKnownFileType = wrapper.xcdatamodel; path = Weather.xcdatamodel; sourceTree = "<group>"; };
/* End PBXFileReference section */

/* Begin PBXFrameworksBuildPhase section */
		EA1225A92A17E8EF003EF81B /* Frameworks */ = {
			isa = PBXFrameworksBuildPhase;
			buildActionMask = 2147483647;
			files = (
				EA1225E42A17FBC9003EF81B /* Moya in Frameworks */,
				EA1225E12A17EA57003EF81B /* SDWebImageSwiftUI in Frameworks */,
			);
			runOnlyForDeploymentPostprocessing = 0;
		};
		EA1225BF2A17E8F0003EF81B /* Frameworks */ = {
			isa = PBXFrameworksBuildPhase;
			buildActionMask = 2147483647;
			files = (
			);
			runOnlyForDeploymentPostprocessing = 0;
		};
		EA1225C92A17E8F0003EF81B /* Frameworks */ = {
			isa = PBXFrameworksBuildPhase;
			buildActionMask = 2147483647;
			files = (
			);
			runOnlyForDeploymentPostprocessing = 0;
		};
/* End PBXFrameworksBuildPhase section */

/* Begin PBXGroup section */
		EA1225A32A17E8EF003EF81B = {
			isa = PBXGroup;
			children = (
				EA1225AE2A17E8EF003EF81B /* Weather */,
				EA1225AD2A17E8EF003EF81B /* Products */,
			);
			sourceTree = "<group>";
		};
		EA1225AD2A17E8EF003EF81B /* Products */ = {
			isa = PBXGroup;
			children = (
				EA1225AC2A17E8EF003EF81B /* Weather.app */,
				EA1225C22A17E8F0003EF81B /* WeatherTests.xctest */,
				EA1225CC2A17E8F0003EF81B /* WeatherUITests.xctest */,
			);
			name = Products;
			sourceTree = "<group>";
		};
		EA1225AE2A17E8EF003EF81B /* Weather */ = {
			isa = PBXGroup;
			children = (
				EA1225AF2A17E8EF003EF81B /* AppDelegate.swift */,
				EA1225B12A17E8EF003EF81B /* SceneDelegate.swift */,
				EA1225B32A17E8EF003EF81B /* ViewController.swift */,
				EA88C06E2A1A97B40037FD4C /* LocationDataManager.swift */,
				EA9C8BE52A185747009D2730 /* Modal */,
				EA9C8BD42A181E90009D2730 /* ViewController+TableView.swift */,
				EA1225ED2A1812AD003EF81B /* ViewController+CollectionView.swift */,
				EA1225F12A18179A003EF81B /* ViewController+SearchBar.swift */,
				EA1225EF2A181303003EF81B /* CityWeatherCell.swift */,
				EA9C8BDF2A18415B009D2730 /* Debouncer.swift */,
				EA9C8BD62A181EE0009D2730 /* SearchResultCell.swift */,
				EA9C8BDC2A182540009D2730 /* Interactor */,
				EA9C8BDD2A182548009D2730 /* Networking */,
				EA9C8BDE2A182558009D2730 /* API */,
				EA9C8BD32A181E54009D2730 /* Data Model */,
				EA1225B52A17E8EF003EF81B /* Main.storyboard */,
				EA1225B82A17E8F0003EF81B /* Assets.xcassets */,
				EA1225BA2A17E8F0003EF81B /* LaunchScreen.storyboard */,
				EA1225BD2A17E8F0003EF81B /* Info.plist */,
				EA9C8C362A187136009D2730 /* Weather.xcdatamodeld */,
			);
			path = Weather;
			sourceTree = "<group>";
		};
		EA9C8BD32A181E54009D2730 /* Data Model */ = {
			isa = PBXGroup;
			children = (
				EA1225E92A1802BB003EF81B /* CityWeather.swift */,
				EA9C8BD12A181E04009D2730 /* SearchResult.swift */,
				EA9C8BE32A1846A6009D2730 /* CustomError.swift */,
			);
			path = "Data Model";
			sourceTree = "<group>";
		};
		EA9C8BDC2A182540009D2730 /* Interactor */ = {
			isa = PBXGroup;
			children = (
				EA1225EB2A180B0C003EF81B /* FetchCityWeatherInteractor.swift */,
				EA9C8BD82A181F58009D2730 /* DirectGeocodingInteractor.swift */,
			);
			path = Interactor;
			sourceTree = "<group>";
		};
		EA9C8BDD2A182548009D2730 /* Networking */ = {
			isa = PBXGroup;
			children = (
				EA1225E52A17FBE4003EF81B /* WeatherNetworking.swift */,
				EA9C8BDA2A182020009D2730 /* DirectGeocodingNetworking.swift */,
				EA88C06C2A19DF6D0037FD4C /* Retry.swift */,
			);
			path = Networking;
			sourceTree = "<group>";
		};
		EA9C8BDE2A182558009D2730 /* API */ = {
			isa = PBXGroup;
			children = (
				EA1225E72A180235003EF81B /* WeatherAPI.swift */,
			);
			path = API;
			sourceTree = "<group>";
		};
		EA9C8BE52A185747009D2730 /* Modal */ = {
			isa = PBXGroup;
			children = (
				EA9C8BE12A18455F009D2730 /* SelectedCityWeatherViewController.swift */,
				EA9C8BE92A185784009D2730 /* SelectedCityWeatherCell.swift */,
				EA9C8BE62A18575A009D2730 /* SelectedCityWeatherViewController+TableView.swift */,
			);
			path = Modal;
			sourceTree = "<group>";
		};
/* End PBXGroup section */

/* Begin PBXNativeTarget section */
		EA1225AB2A17E8EF003EF81B /* Weather */ = {
			isa = PBXNativeTarget;
			buildConfigurationList = EA1225D62A17E8F0003EF81B /* Build configuration list for PBXNativeTarget "Weather" */;
			buildPhases = (
				EA1225A82A17E8EF003EF81B /* Sources */,
				EA1225A92A17E8EF003EF81B /* Frameworks */,
				EA1225AA2A17E8EF003EF81B /* Resources */,
			);
			buildRules = (
			);
			dependencies = (
			);
			name = Weather;
			packageProductDependencies = (
				EA1225E02A17EA57003EF81B /* SDWebImageSwiftUI */,
				EA1225E32A17FBC9003EF81B /* Moya */,
			);
			productName = Weather;
			productReference = EA1225AC2A17E8EF003EF81B /* Weather.app */;
			productType = "com.apple.product-type.application";
		};
		EA1225C12A17E8F0003EF81B /* WeatherTests */ = {
			isa = PBXNativeTarget;
			buildConfigurationList = EA1225D92A17E8F0003EF81B /* Build configuration list for PBXNativeTarget "WeatherTests" */;
			buildPhases = (
				EA1225BE2A17E8F0003EF81B /* Sources */,
				EA1225BF2A17E8F0003EF81B /* Frameworks */,
				EA1225C02A17E8F0003EF81B /* Resources */,
			);
			buildRules = (
			);
			dependencies = (
				EA1225C42A17E8F0003EF81B /* PBXTargetDependency */,
			);
			name = WeatherTests;
			productName = WeatherTests;
			productReference = EA1225C22A17E8F0003EF81B /* WeatherTests.xctest */;
			productType = "com.apple.product-type.bundle.unit-test";
		};
		EA1225CB2A17E8F0003EF81B /* WeatherUITests */ = {
			isa = PBXNativeTarget;
			buildConfigurationList = EA1225DC2A17E8F0003EF81B /* Build configuration list for PBXNativeTarget "WeatherUITests" */;
			buildPhases = (
				EA1225C82A17E8F0003EF81B /* Sources */,
				EA1225C92A17E8F0003EF81B /* Frameworks */,
				EA1225CA2A17E8F0003EF81B /* Resources */,
			);
			buildRules = (
			);
			dependencies = (
				EA1225CE2A17E8F0003EF81B /* PBXTargetDependency */,
			);
			name = WeatherUITests;
			productName = WeatherUITests;
			productReference = EA1225CC2A17E8F0003EF81B /* WeatherUITests.xctest */;
			productType = "com.apple.product-type.bundle.ui-testing";
		};
/* End PBXNativeTarget section */

/* Begin PBXProject section */
		EA1225A42A17E8EF003EF81B /* Project object */ = {
			isa = PBXProject;
			attributes = {
				BuildIndependentTargetsInParallel = 1;
				LastSwiftUpdateCheck = 1430;
				LastUpgradeCheck = 1430;
				TargetAttributes = {
					EA1225AB2A17E8EF003EF81B = {
						CreatedOnToolsVersion = 14.3;
					};
					EA1225C12A17E8F0003EF81B = {
						CreatedOnToolsVersion = 14.3;
						TestTargetID = EA1225AB2A17E8EF003EF81B;
					};
					EA1225CB2A17E8F0003EF81B = {
						CreatedOnToolsVersion = 14.3;
						TestTargetID = EA1225AB2A17E8EF003EF81B;
					};
				};
			};
			buildConfigurationList = EA1225A72A17E8EF003EF81B /* Build configuration list for PBXProject "Weather" */;
			compatibilityVersion = "Xcode 14.0";
			developmentRegion = en;
			hasScannedForEncodings = 0;
			knownRegions = (
				en,
				Base,
			);
			mainGroup = EA1225A32A17E8EF003EF81B;
			packageReferences = (
				EA1225DF2A17EA57003EF81B /* XCRemoteSwiftPackageReference "SDWebImageSwiftUI" */,
				EA1225E22A17FBC9003EF81B /* XCRemoteSwiftPackageReference "Moya" */,
			);
			productRefGroup = EA1225AD2A17E8EF003EF81B /* Products */;
			projectDirPath = "";
			projectRoot = "";
			targets = (
				EA1225AB2A17E8EF003EF81B /* Weather */,
				EA1225C12A17E8F0003EF81B /* WeatherTests */,
				EA1225CB2A17E8F0003EF81B /* WeatherUITests */,
			);
		};
/* End PBXProject section */

/* Begin PBXResourcesBuildPhase section */
		EA1225AA2A17E8EF003EF81B /* Resources */ = {
			isa = PBXResourcesBuildPhase;
			buildActionMask = 2147483647;
			files = (
				EA1225BC2A17E8F0003EF81B /* LaunchScreen.storyboard in Resources */,
				EA1225B92A17E8F0003EF81B /* Assets.xcassets in Resources */,
				EA1225B72A17E8EF003EF81B /* Main.storyboard in Resources */,
			);
			runOnlyForDeploymentPostprocessing = 0;
		};
		EA1225C02A17E8F0003EF81B /* Resources */ = {
			isa = PBXResourcesBuildPhase;
			buildActionMask = 2147483647;
			files = (
			);
			runOnlyForDeploymentPostprocessing = 0;
		};
		EA1225CA2A17E8F0003EF81B /* Resources */ = {
			isa = PBXResourcesBuildPhase;
			buildActionMask = 2147483647;
			files = (
			);
			runOnlyForDeploymentPostprocessing = 0;
		};
/* End PBXResourcesBuildPhase section */

/* Begin PBXSourcesBuildPhase section */
		EA1225A82A17E8EF003EF81B /* Sources */ = {
			isa = PBXSourcesBuildPhase;
			buildActionMask = 2147483647;
			files = (
				EA9C8BE22A18455F009D2730 /* SelectedCityWeatherViewController.swift in Sources */,
				EA9C8BDB2A182020009D2730 /* DirectGeocodingNetworking.swift in Sources */,
				EA9C8BEA2A185784009D2730 /* SelectedCityWeatherCell.swift in Sources */,
				EA9C8BE02A18415B009D2730 /* Debouncer.swift in Sources */,
				EA9C8BD22A181E04009D2730 /* SearchResult.swift in Sources */,
				EA1225EC2A180B0C003EF81B /* FetchCityWeatherInteractor.swift in Sources */,
				EA9C8BE72A18575A009D2730 /* SelectedCityWeatherViewController+TableView.swift in Sources */,
				EA9C8BE42A1846A6009D2730 /* CustomError.swift in Sources */,
				EA9C8BD52A181E90009D2730 /* ViewController+TableView.swift in Sources */,
				EA9C8C382A187136009D2730 /* Weather.xcdatamodeld in Sources */,
				EA1225B42A17E8EF003EF81B /* ViewController.swift in Sources */,
				EA9C8BD72A181EE0009D2730 /* SearchResultCell.swift in Sources */,
				EA9C8BD92A181F58009D2730 /* DirectGeocodingInteractor.swift in Sources */,
				EA1225B02A17E8EF003EF81B /* AppDelegate.swift in Sources */,
				EA88C06D2A19DF6D0037FD4C /* Retry.swift in Sources */,
				EA1225F02A181303003EF81B /* CityWeatherCell.swift in Sources */,
				EA1225F22A18179A003EF81B /* ViewController+SearchBar.swift in Sources */,
				EA88C06F2A1A97B40037FD4C /* LocationDataManager.swift in Sources */,
				EA1225E82A180235003EF81B /* WeatherAPI.swift in Sources */,
				EA1225EA2A1802BB003EF81B /* CityWeather.swift in Sources */,
				EA1225E62A17FBE4003EF81B /* WeatherNetworking.swift in Sources */,
				EA1225B22A17E8EF003EF81B /* SceneDelegate.swift in Sources */,
				EA1225EE2A1812AD003EF81B /* ViewController+CollectionView.swift in Sources */,
			);
			runOnlyForDeploymentPostprocessing = 0;
		};
		EA1225BE2A17E8F0003EF81B /* Sources */ = {
			isa = PBXSourcesBuildPhase;
			buildActionMask = 2147483647;
			files = (
			);
			runOnlyForDeploymentPostprocessing = 0;
		};
		EA1225C82A17E8F0003EF81B /* Sources */ = {
			isa = PBXSourcesBuildPhase;
			buildActionMask = 2147483647;
			files = (
			);
			runOnlyForDeploymentPostprocessing = 0;
		};
/* End PBXSourcesBuildPhase section */

/* Begin PBXTargetDependency section */
		EA1225C42A17E8F0003EF81B /* PBXTargetDependency */ = {
			isa = PBXTargetDependency;
			target = EA1225AB2A17E8EF003EF81B /* Weather */;
			targetProxy = EA1225C32A17E8F0003EF81B /* PBXContainerItemProxy */;
		};
		EA1225CE2A17E8F0003EF81B /* PBXTargetDependency */ = {
			isa = PBXTargetDependency;
			target = EA1225AB2A17E8EF003EF81B /* Weather */;
			targetProxy = EA1225CD2A17E8F0003EF81B /* PBXContainerItemProxy */;
		};
/* End PBXTargetDependency section */

/* Begin PBXVariantGroup section */
		EA1225B52A17E8EF003EF81B /* Main.storyboard */ = {
			isa = PBXVariantGroup;
			children = (
				EA1225B62A17E8EF003EF81B /* Base */,
			);
			name = Main.storyboard;
			sourceTree = "<group>";
		};
		EA1225BA2A17E8F0003EF81B /* LaunchScreen.storyboard */ = {
			isa = PBXVariantGroup;
			children = (
				EA1225BB2A17E8F0003EF81B /* Base */,
			);
			name = LaunchScreen.storyboard;
			sourceTree = "<group>";
		};
/* End PBXVariantGroup section */

/* Begin XCBuildConfiguration section */
		EA1225D42A17E8F0003EF81B /* Debug */ = {
			isa = XCBuildConfiguration;
			buildSettings = {
				ALWAYS_SEARCH_USER_PATHS = NO;
				CLANG_ANALYZER_NONNULL = YES;
				CLANG_ANALYZER_NUMBER_OBJECT_CONVERSION = YES_AGGRESSIVE;
				CLANG_CXX_LANGUAGE_STANDARD = "gnu++20";
				CLANG_ENABLE_MODULES = YES;
				CLANG_ENABLE_OBJC_ARC = YES;
				CLANG_ENABLE_OBJC_WEAK = YES;
				CLANG_WARN_BLOCK_CAPTURE_AUTORELEASING = YES;
				CLANG_WARN_BOOL_CONVERSION = YES;
				CLANG_WARN_COMMA = YES;
				CLANG_WARN_CONSTANT_CONVERSION = YES;
				CLANG_WARN_DEPRECATED_OBJC_IMPLEMENTATIONS = YES;
				CLANG_WARN_DIRECT_OBJC_ISA_USAGE = YES_ERROR;
				CLANG_WARN_DOCUMENTATION_COMMENTS = YES;
				CLANG_WARN_EMPTY_BODY = YES;
				CLANG_WARN_ENUM_CONVERSION = YES;
				CLANG_WARN_INFINITE_RECURSION = YES;
				CLANG_WARN_INT_CONVERSION = YES;
				CLANG_WARN_NON_LITERAL_NULL_CONVERSION = YES;
				CLANG_WARN_OBJC_IMPLICIT_RETAIN_SELF = YES;
				CLANG_WARN_OBJC_LITERAL_CONVERSION = YES;
				CLANG_WARN_OBJC_ROOT_CLASS = YES_ERROR;
				CLANG_WARN_QUOTED_INCLUDE_IN_FRAMEWORK_HEADER = YES;
				CLANG_WARN_RANGE_LOOP_ANALYSIS = YES;
				CLANG_WARN_STRICT_PROTOTYPES = YES;
				CLANG_WARN_SUSPICIOUS_MOVE = YES;
				CLANG_WARN_UNGUARDED_AVAILABILITY = YES_AGGRESSIVE;
				CLANG_WARN_UNREACHABLE_CODE = YES;
				CLANG_WARN__DUPLICATE_METHOD_MATCH = YES;
				COPY_PHASE_STRIP = NO;
				DEBUG_INFORMATION_FORMAT = dwarf;
				ENABLE_STRICT_OBJC_MSGSEND = YES;
				ENABLE_TESTABILITY = YES;
				GCC_C_LANGUAGE_STANDARD = gnu11;
				GCC_DYNAMIC_NO_PIC = NO;
				GCC_NO_COMMON_BLOCKS = YES;
				GCC_OPTIMIZATION_LEVEL = 0;
				GCC_PREPROCESSOR_DEFINITIONS = (
					"DEBUG=1",
					"$(inherited)",
				);
				GCC_WARN_64_TO_32_BIT_CONVERSION = YES;
				GCC_WARN_ABOUT_RETURN_TYPE = YES_ERROR;
				GCC_WARN_UNDECLARED_SELECTOR = YES;
				GCC_WARN_UNINITIALIZED_AUTOS = YES_AGGRESSIVE;
				GCC_WARN_UNUSED_FUNCTION = YES;
				GCC_WARN_UNUSED_VARIABLE = YES;
				IPHONEOS_DEPLOYMENT_TARGET = 16.4;
				MTL_ENABLE_DEBUG_INFO = INCLUDE_SOURCE;
				MTL_FAST_MATH = YES;
				ONLY_ACTIVE_ARCH = YES;
				SDKROOT = iphoneos;
				SWIFT_ACTIVE_COMPILATION_CONDITIONS = DEBUG;
				SWIFT_OPTIMIZATION_LEVEL = "-Onone";
			};
			name = Debug;
		};
		EA1225D52A17E8F0003EF81B /* Release */ = {
			isa = XCBuildConfiguration;
			buildSettings = {
				ALWAYS_SEARCH_USER_PATHS = NO;
				CLANG_ANALYZER_NONNULL = YES;
				CLANG_ANALYZER_NUMBER_OBJECT_CONVERSION = YES_AGGRESSIVE;
				CLANG_CXX_LANGUAGE_STANDARD = "gnu++20";
				CLANG_ENABLE_MODULES = YES;
				CLANG_ENABLE_OBJC_ARC = YES;
				CLANG_ENABLE_OBJC_WEAK = YES;
				CLANG_WARN_BLOCK_CAPTURE_AUTORELEASING = YES;
				CLANG_WARN_BOOL_CONVERSION = YES;
				CLANG_WARN_COMMA = YES;
				CLANG_WARN_CONSTANT_CONVERSION = YES;
				CLANG_WARN_DEPRECATED_OBJC_IMPLEMENTATIONS = YES;
				CLANG_WARN_DIRECT_OBJC_ISA_USAGE = YES_ERROR;
				CLANG_WARN_DOCUMENTATION_COMMENTS = YES;
				CLANG_WARN_EMPTY_BODY = YES;
				CLANG_WARN_ENUM_CONVERSION = YES;
				CLANG_WARN_INFINITE_RECURSION = YES;
				CLANG_WARN_INT_CONVERSION = YES;
				CLANG_WARN_NON_LITERAL_NULL_CONVERSION = YES;
				CLANG_WARN_OBJC_IMPLICIT_RETAIN_SELF = YES;
				CLANG_WARN_OBJC_LITERAL_CONVERSION = YES;
				CLANG_WARN_OBJC_ROOT_CLASS = YES_ERROR;
				CLANG_WARN_QUOTED_INCLUDE_IN_FRAMEWORK_HEADER = YES;
				CLANG_WARN_RANGE_LOOP_ANALYSIS = YES;
				CLANG_WARN_STRICT_PROTOTYPES = YES;
				CLANG_WARN_SUSPICIOUS_MOVE = YES;
				CLANG_WARN_UNGUARDED_AVAILABILITY = YES_AGGRESSIVE;
				CLANG_WARN_UNREACHABLE_CODE = YES;
				CLANG_WARN__DUPLICATE_METHOD_MATCH = YES;
				COPY_PHASE_STRIP = NO;
				DEBUG_INFORMATION_FORMAT = "dwarf-with-dsym";
				ENABLE_NS_ASSERTIONS = NO;
				ENABLE_STRICT_OBJC_MSGSEND = YES;
				GCC_C_LANGUAGE_STANDARD = gnu11;
				GCC_NO_COMMON_BLOCKS = YES;
				GCC_WARN_64_TO_32_BIT_CONVERSION = YES;
				GCC_WARN_ABOUT_RETURN_TYPE = YES_ERROR;
				GCC_WARN_UNDECLARED_SELECTOR = YES;
				GCC_WARN_UNINITIALIZED_AUTOS = YES_AGGRESSIVE;
				GCC_WARN_UNUSED_FUNCTION = YES;
				GCC_WARN_UNUSED_VARIABLE = YES;
				IPHONEOS_DEPLOYMENT_TARGET = 16.4;
				MTL_ENABLE_DEBUG_INFO = NO;
				MTL_FAST_MATH = YES;
				SDKROOT = iphoneos;
				SWIFT_COMPILATION_MODE = wholemodule;
				SWIFT_OPTIMIZATION_LEVEL = "-O";
				VALIDATE_PRODUCT = YES;
			};
			name = Release;
		};
		EA1225D72A17E8F0003EF81B /* Debug */ = {
			isa = XCBuildConfiguration;
			buildSettings = {
				ASSETCATALOG_COMPILER_APPICON_NAME = AppIcon;
				ASSETCATALOG_COMPILER_GLOBAL_ACCENT_COLOR_NAME = AccentColor;
				CODE_SIGN_STYLE = Automatic;
				CURRENT_PROJECT_VERSION = 1;
				DEVELOPMENT_TEAM = S352YV7UUW;
				GENERATE_INFOPLIST_FILE = YES;
				INFOPLIST_FILE = Weather/Info.plist;
				INFOPLIST_KEY_LSApplicationCategoryType = "public.app-category.weather";
				INFOPLIST_KEY_UIApplicationSupportsIndirectInputEvents = YES;
				INFOPLIST_KEY_UILaunchStoryboardName = LaunchScreen;
				INFOPLIST_KEY_UIMainStoryboardFile = Main;
				INFOPLIST_KEY_UISupportedInterfaceOrientations_iPad = "UIInterfaceOrientationPortrait UIInterfaceOrientationPortraitUpsideDown UIInterfaceOrientationLandscapeLeft UIInterfaceOrientationLandscapeRight";
				INFOPLIST_KEY_UISupportedInterfaceOrientations_iPhone = "UIInterfaceOrientationPortrait UIInterfaceOrientationLandscapeLeft UIInterfaceOrientationLandscapeRight";
				IPHONEOS_DEPLOYMENT_TARGET = 14.0;
				LD_RUNPATH_SEARCH_PATHS = (
					"$(inherited)",
					"@executable_path/Frameworks",
				);
				MARKETING_VERSION = 1.0;
				PRODUCT_BUNDLE_IDENTIFIER = com.elinaluaming.Weather;
				PRODUCT_NAME = "$(TARGET_NAME)";
				SWIFT_EMIT_LOC_STRINGS = YES;
				SWIFT_VERSION = 5.0;
				TARGETED_DEVICE_FAMILY = "1,2";
			};
			name = Debug;
		};
		EA1225D82A17E8F0003EF81B /* Release */ = {
			isa = XCBuildConfiguration;
			buildSettings = {
				ASSETCATALOG_COMPILER_APPICON_NAME = AppIcon;
				ASSETCATALOG_COMPILER_GLOBAL_ACCENT_COLOR_NAME = AccentColor;
				CODE_SIGN_STYLE = Automatic;
				CURRENT_PROJECT_VERSION = 1;
				DEVELOPMENT_TEAM = S352YV7UUW;
				GENERATE_INFOPLIST_FILE = YES;
				INFOPLIST_FILE = Weather/Info.plist;
				INFOPLIST_KEY_LSApplicationCategoryType = "public.app-category.weather";
				INFOPLIST_KEY_UIApplicationSupportsIndirectInputEvents = YES;
				INFOPLIST_KEY_UILaunchStoryboardName = LaunchScreen;
				INFOPLIST_KEY_UIMainStoryboardFile = Main;
				INFOPLIST_KEY_UISupportedInterfaceOrientations_iPad = "UIInterfaceOrientationPortrait UIInterfaceOrientationPortraitUpsideDown UIInterfaceOrientationLandscapeLeft UIInterfaceOrientationLandscapeRight";
				INFOPLIST_KEY_UISupportedInterfaceOrientations_iPhone = "UIInterfaceOrientationPortrait UIInterfaceOrientationLandscapeLeft UIInterfaceOrientationLandscapeRight";
				IPHONEOS_DEPLOYMENT_TARGET = 14.0;
				LD_RUNPATH_SEARCH_PATHS = (
					"$(inherited)",
					"@executable_path/Frameworks",
				);
				MARKETING_VERSION = 1.0;
				PRODUCT_BUNDLE_IDENTIFIER = com.elinaluaming.Weather;
				PRODUCT_NAME = "$(TARGET_NAME)";
				SWIFT_EMIT_LOC_STRINGS = YES;
				SWIFT_VERSION = 5.0;
				TARGETED_DEVICE_FAMILY = "1,2";
			};
			name = Release;
		};
		EA1225DA2A17E8F0003EF81B /* Debug */ = {
			isa = XCBuildConfiguration;
			buildSettings = {
				ALWAYS_EMBED_SWIFT_STANDARD_LIBRARIES = YES;
				BUNDLE_LOADER = "$(TEST_HOST)";
				CODE_SIGN_STYLE = Automatic;
				CURRENT_PROJECT_VERSION = 1;
				DEVELOPMENT_TEAM = 2VNRS9R64U;
				GENERATE_INFOPLIST_FILE = YES;
				IPHONEOS_DEPLOYMENT_TARGET = 16.4;
				MARKETING_VERSION = 1.0;
				PRODUCT_BUNDLE_IDENTIFIER = com.elinaluaming.WeatherTests;
				PRODUCT_NAME = "$(TARGET_NAME)";
				SWIFT_EMIT_LOC_STRINGS = NO;
				SWIFT_VERSION = 5.0;
				TARGETED_DEVICE_FAMILY = "1,2";
				TEST_HOST = "$(BUILT_PRODUCTS_DIR)/Weather.app/$(BUNDLE_EXECUTABLE_FOLDER_PATH)/Weather";
			};
			name = Debug;
		};
		EA1225DB2A17E8F0003EF81B /* Release */ = {
			isa = XCBuildConfiguration;
			buildSettings = {
				ALWAYS_EMBED_SWIFT_STANDARD_LIBRARIES = YES;
				BUNDLE_LOADER = "$(TEST_HOST)";
				CODE_SIGN_STYLE = Automatic;
				CURRENT_PROJECT_VERSION = 1;
				DEVELOPMENT_TEAM = 2VNRS9R64U;
				GENERATE_INFOPLIST_FILE = YES;
				IPHONEOS_DEPLOYMENT_TARGET = 16.4;
				MARKETING_VERSION = 1.0;
				PRODUCT_BUNDLE_IDENTIFIER = com.elinaluaming.WeatherTests;
				PRODUCT_NAME = "$(TARGET_NAME)";
				SWIFT_EMIT_LOC_STRINGS = NO;
				SWIFT_VERSION = 5.0;
				TARGETED_DEVICE_FAMILY = "1,2";
				TEST_HOST = "$(BUILT_PRODUCTS_DIR)/Weather.app/$(BUNDLE_EXECUTABLE_FOLDER_PATH)/Weather";
			};
			name = Release;
		};
		EA1225DD2A17E8F0003EF81B /* Debug */ = {
			isa = XCBuildConfiguration;
			buildSettings = {
				ALWAYS_EMBED_SWIFT_STANDARD_LIBRARIES = YES;
				CODE_SIGN_STYLE = Automatic;
				CURRENT_PROJECT_VERSION = 1;
				DEVELOPMENT_TEAM = 2VNRS9R64U;
				GENERATE_INFOPLIST_FILE = YES;
				MARKETING_VERSION = 1.0;
				PRODUCT_BUNDLE_IDENTIFIER = com.elinaluaming.WeatherUITests;
				PRODUCT_NAME = "$(TARGET_NAME)";
				SWIFT_EMIT_LOC_STRINGS = NO;
				SWIFT_VERSION = 5.0;
				TARGETED_DEVICE_FAMILY = "1,2";
				TEST_TARGET_NAME = Weather;
			};
			name = Debug;
		};
		EA1225DE2A17E8F0003EF81B /* Release */ = {
			isa = XCBuildConfiguration;
			buildSettings = {
				ALWAYS_EMBED_SWIFT_STANDARD_LIBRARIES = YES;
				CODE_SIGN_STYLE = Automatic;
				CURRENT_PROJECT_VERSION = 1;
				DEVELOPMENT_TEAM = 2VNRS9R64U;
				GENERATE_INFOPLIST_FILE = YES;
				MARKETING_VERSION = 1.0;
				PRODUCT_BUNDLE_IDENTIFIER = com.elinaluaming.WeatherUITests;
				PRODUCT_NAME = "$(TARGET_NAME)";
				SWIFT_EMIT_LOC_STRINGS = NO;
				SWIFT_VERSION = 5.0;
				TARGETED_DEVICE_FAMILY = "1,2";
				TEST_TARGET_NAME = Weather;
			};
			name = Release;
		};
/* End XCBuildConfiguration section */

/* Begin XCConfigurationList section */
		EA1225A72A17E8EF003EF81B /* Build configuration list for PBXProject "Weather" */ = {
			isa = XCConfigurationList;
			buildConfigurations = (
				EA1225D42A17E8F0003EF81B /* Debug */,
				EA1225D52A17E8F0003EF81B /* Release */,
			);
			defaultConfigurationIsVisible = 0;
			defaultConfigurationName = Release;
		};
		EA1225D62A17E8F0003EF81B /* Build configuration list for PBXNativeTarget "Weather" */ = {
			isa = XCConfigurationList;
			buildConfigurations = (
				EA1225D72A17E8F0003EF81B /* Debug */,
				EA1225D82A17E8F0003EF81B /* Release */,
			);
			defaultConfigurationIsVisible = 0;
			defaultConfigurationName = Release;
		};
		EA1225D92A17E8F0003EF81B /* Build configuration list for PBXNativeTarget "WeatherTests" */ = {
			isa = XCConfigurationList;
			buildConfigurations = (
				EA1225DA2A17E8F0003EF81B /* Debug */,
				EA1225DB2A17E8F0003EF81B /* Release */,
			);
			defaultConfigurationIsVisible = 0;
			defaultConfigurationName = Release;
		};
		EA1225DC2A17E8F0003EF81B /* Build configuration list for PBXNativeTarget "WeatherUITests" */ = {
			isa = XCConfigurationList;
			buildConfigurations = (
				EA1225DD2A17E8F0003EF81B /* Debug */,
				EA1225DE2A17E8F0003EF81B /* Release */,
			);
			defaultConfigurationIsVisible = 0;
			defaultConfigurationName = Release;
		};
/* End XCConfigurationList section */

/* Begin XCRemoteSwiftPackageReference section */
		EA1225DF2A17EA57003EF81B /* XCRemoteSwiftPackageReference "SDWebImageSwiftUI" */ = {
			isa = XCRemoteSwiftPackageReference;
			repositoryURL = "https://github.com/SDWebImage/SDWebImageSwiftUI.git";
			requirement = {
				kind = upToNextMajorVersion;
				minimumVersion = 2.0.0;
			};
		};
		EA1225E22A17FBC9003EF81B /* XCRemoteSwiftPackageReference "Moya" */ = {
			isa = XCRemoteSwiftPackageReference;
			repositoryURL = "https://github.com/Moya/Moya.git";
			requirement = {
				kind = upToNextMajorVersion;
				minimumVersion = 15.0.0;
			};
		};
/* End XCRemoteSwiftPackageReference section */

/* Begin XCSwiftPackageProductDependency section */
		EA1225E02A17EA57003EF81B /* SDWebImageSwiftUI */ = {
			isa = XCSwiftPackageProductDependency;
			package = EA1225DF2A17EA57003EF81B /* XCRemoteSwiftPackageReference "SDWebImageSwiftUI" */;
			productName = SDWebImageSwiftUI;
		};
		EA1225E32A17FBC9003EF81B /* Moya */ = {
			isa = XCSwiftPackageProductDependency;
			package = EA1225E22A17FBC9003EF81B /* XCRemoteSwiftPackageReference "Moya" */;
			productName = Moya;
		};
/* End XCSwiftPackageProductDependency section */

/* Begin XCVersionGroup section */
		EA9C8C362A187136009D2730 /* Weather.xcdatamodeld */ = {
			isa = XCVersionGroup;
			children = (
				EA9C8C372A187136009D2730 /* Weather.xcdatamodel */,
			);
			currentVersion = EA9C8C372A187136009D2730 /* Weather.xcdatamodel */;
			path = Weather.xcdatamodeld;
			sourceTree = "<group>";
			versionGroupType = wrapper.xcdatamodel;
		};
/* End XCVersionGroup section */
	};
	rootObject = EA1225A42A17E8EF003EF81B /* Project object */;
}
